
Microsoft Visual Studio Solution File, Format Version 12.00
# Visual Studio 15
VisualStudioVersion = 15.0.27130.2010
MinimumVisualStudioVersion = 10.0.40219.1
Project("{FAE04EC0-301F-11D3-BF4B-00C04F79EFBC}") = "Stepper", "Stepper\Stepper.csproj", "{625E9275-5B0C-4BBE-AAAF-CBDFEC36F78E}"
EndProject
Project("{FAE04EC0-301F-11D3-BF4B-00C04F79EFBC}") = "Stepper.UnitTests", "Stepper.UnitTests\Stepper.UnitTests.csproj", "{5AC269D2-4836-4B26-A5E2-3ACBD028C38A}"
EndProject
Global
	GlobalSection(SolutionConfigurationPlatforms) = preSolution
		Debug|Any CPU = Debug|Any CPU
		Release|Any CPU = Release|Any CPU
	EndGlobalSection
	GlobalSection(ProjectConfigurationPlatforms) = postSolution
		{625E9275-5B0C-4BBE-AAAF-CBDFEC36F78E}.Debug|Any CPU.ActiveCfg = Debug|Any CPU
		{625E9275-5B0C-4BBE-AAAF-CBDFEC36F78E}.Debug|Any CPU.Build.0 = Debug|Any CPU
		{625E9275-5B0C-4BBE-AAAF-CBDFEC36F78E}.Release|Any CPU.ActiveCfg = Release|Any CPU
		{625E9275-5B0C-4BBE-AAAF-CBDFEC36F78E}.Release|Any CPU.Build.0 = Release|Any CPU
		{5AC269D2-4836-4B26-A5E2-3ACBD028C38A}.Debug|Any CPU.ActiveCfg = Debug|Any CPU
		{5AC269D2-4836-4B26-A5E2-3ACBD028C38A}.Debug|Any CPU.Build.0 = Debug|Any CPU
		{5AC269D2-4836-4B26-A5E2-3ACBD028C38A}.Release|Any CPU.ActiveCfg = Release|Any CPU
		{5AC269D2-4836-4B26-A5E2-3ACBD028C38A}.Release|Any CPU.Build.0 = Release|Any CPU
	EndGlobalSection
	GlobalSection(SolutionProperties) = preSolution
		HideSolutionNode = FALSE
	EndGlobalSection
	GlobalSection(ExtensibilityGlobals) = postSolution
		SolutionGuid = {F7C6F99A-CF26-41A7-BD83-B9ECEFD1420C}
	EndGlobalSection
EndGlobal
